// !$*UTF8*$!
{
	archiveVersion = 1;
	classes = {
	};
	objectVersion = 46;
	objects = {

/* Begin PBXBuildFile section */
		24207FF11CD6EBAB001FEBF0 /* AppDelegate.swift in Sources */ = {isa = PBXBuildFile; fileRef = 24207FF01CD6EBAB001FEBF0 /* AppDelegate.swift */; };
		24207FF31CD6EBAB001FEBF0 /* MemeEditorViewController.swift in Sources */ = {isa = PBXBuildFile; fileRef = 24207FF21CD6EBAB001FEBF0 /* MemeEditorViewController.swift */; };
		24207FF61CD6EBAB001FEBF0 /* Main.storyboard in Resources */ = {isa = PBXBuildFile; fileRef = 24207FF41CD6EBAB001FEBF0 /* Main.storyboard */; };
		24207FF81CD6EBAB001FEBF0 /* Assets.xcassets in Resources */ = {isa = PBXBuildFile; fileRef = 24207FF71CD6EBAB001FEBF0 /* Assets.xcassets */; };
		24207FFB1CD6EBAB001FEBF0 /* LaunchScreen.storyboard in Resources */ = {isa = PBXBuildFile; fileRef = 24207FF91CD6EBAB001FEBF0 /* LaunchScreen.storyboard */; };
		2423615D1CDA0E08002A899B /* SentMemesTableViewController.swift in Sources */ = {isa = PBXBuildFile; fileRef = 2423615C1CDA0E08002A899B /* SentMemesTableViewController.swift */; };
		2423615F1CDA0EF2002A899B /* MemeTableViewCell.swift in Sources */ = {isa = PBXBuildFile; fileRef = 2423615E1CDA0EF2002A899B /* MemeTableViewCell.swift */; };
		242361611CDA14A0002A899B /* MemeDetailViewController.swift in Sources */ = {isa = PBXBuildFile; fileRef = 242361601CDA14A0002A899B /* MemeDetailViewController.swift */; };
		245E2FE61CD710FB00BBFAA4 /* Meme.swift in Sources */ = {isa = PBXBuildFile; fileRef = 245E2FE51CD710FB00BBFAA4 /* Meme.swift */; };
/* End PBXBuildFile section */

/* Begin PBXFileReference section */
		24207FED1CD6EBAB001FEBF0 /* MemeMe.app */ = {isa = PBXFileReference; explicitFileType = wrapper.application; includeInIndex = 0; path = MemeMe.app; sourceTree = BUILT_PRODUCTS_DIR; };
		24207FF01CD6EBAB001FEBF0 /* AppDelegate.swift */ = {isa = PBXFileReference; lastKnownFileType = sourcecode.swift; path = AppDelegate.swift; sourceTree = "<group>"; };
		24207FF21CD6EBAB001FEBF0 /* MemeEditorViewController.swift */ = {isa = PBXFileReference; lastKnownFileType = sourcecode.swift; path = MemeEditorViewController.swift; sourceTree = "<group>"; };
		24207FF51CD6EBAB001FEBF0 /* Base */ = {isa = PBXFileReference; lastKnownFileType = file.storyboard; name = Base; path = Base.lproj/Main.storyboard; sourceTree = "<group>"; };
		24207FF71CD6EBAB001FEBF0 /* Assets.xcassets */ = {isa = PBXFileReference; lastKnownFileType = folder.assetcatalog; path = Assets.xcassets; sourceTree = "<group>"; };
		24207FFA1CD6EBAB001FEBF0 /* Base */ = {isa = PBXFileReference; lastKnownFileType = file.storyboard; name = Base; path = Base.lproj/LaunchScreen.storyboard; sourceTree = "<group>"; };
		24207FFC1CD6EBAB001FEBF0 /* Info.plist */ = {isa = PBXFileReference; lastKnownFileType = text.plist.xml; path = Info.plist; sourceTree = "<group>"; };
		2423615C1CDA0E08002A899B /* SentMemesTableViewController.swift */ = {isa = PBXFileReference; fileEncoding = 4; lastKnownFileType = sourcecode.swift; path = SentMemesTableViewController.swift; sourceTree = "<group>"; };
		2423615E1CDA0EF2002A899B /* MemeTableViewCell.swift */ = {isa = PBXFileReference; fileEncoding = 4; lastKnownFileType = sourcecode.swift; path = MemeTableViewCell.swift; sourceTree = "<group>"; };
		242361601CDA14A0002A899B /* MemeDetailViewController.swift */ = {isa = PBXFileReference; fileEncoding = 4; lastKnownFileType = sourcecode.swift; path = MemeDetailViewController.swift; sourceTree = "<group>"; };
		245E2FE51CD710FB00BBFAA4 /* Meme.swift */ = {isa = PBXFileReference; fileEncoding = 4; lastKnownFileType = sourcecode.swift; path = Meme.swift; sourceTree = "<group>"; };
/* End PBXFileReference section */

/* Begin PBXFrameworksBuildPhase section */
		24207FEA1CD6EBAB001FEBF0 /* Frameworks */ = {
			isa = PBXFrameworksBuildPhase;
			buildActionMask = 2147483647;
			files = (
			);
			runOnlyForDeploymentPostprocessing = 0;
		};
/* End PBXFrameworksBuildPhase section */

/* Begin PBXGroup section */
		24207FE41CD6EBAB001FEBF0 = {
			isa = PBXGroup;
			children = (
				24207FEF1CD6EBAB001FEBF0 /* MemeMe */,
				24207FEE1CD6EBAB001FEBF0 /* Products */,
			);
			sourceTree = "<group>";
		};
		24207FEE1CD6EBAB001FEBF0 /* Products */ = {
			isa = PBXGroup;
			children = (
				24207FED1CD6EBAB001FEBF0 /* MemeMe.app */,
			);
			name = Products;
			sourceTree = "<group>";
		};
		24207FEF1CD6EBAB001FEBF0 /* MemeMe */ = {
			isa = PBXGroup;
			children = (
				24207FF01CD6EBAB001FEBF0 /* AppDelegate.swift */,
				24207FF21CD6EBAB001FEBF0 /* MemeEditorViewController.swift */,
				2423615C1CDA0E08002A899B /* SentMemesTableViewController.swift */,
				242361601CDA14A0002A899B /* MemeDetailViewController.swift */,
				2423615E1CDA0EF2002A899B /* MemeTableViewCell.swift */,
				245E2FE51CD710FB00BBFAA4 /* Meme.swift */,
				24207FF41CD6EBAB001FEBF0 /* Main.storyboard */,
				24207FF71CD6EBAB001FEBF0 /* Assets.xcassets */,
				24207FF91CD6EBAB001FEBF0 /* LaunchScreen.storyboard */,
				24207FFC1CD6EBAB001FEBF0 /* Info.plist */,
			);
			path = MemeMe;
			sourceTree = "<group>";
		};
/* End PBXGroup section */

/* Begin PBXNativeTarget section */
		24207FEC1CD6EBAB001FEBF0 /* MemeMe */ = {
			isa = PBXNativeTarget;
			buildConfigurationList = 24207FFF1CD6EBAB001FEBF0 /* Build configuration list for PBXNativeTarget "MemeMe" */;
			buildPhases = (
				24207FE91CD6EBAB001FEBF0 /* Sources */,
				24207FEA1CD6EBAB001FEBF0 /* Frameworks */,
				24207FEB1CD6EBAB001FEBF0 /* Resources */,
			);
			buildRules = (
			);
			dependencies = (
			);
			name = MemeMe;
			productName = MemeMe;
			productReference = 24207FED1CD6EBAB001FEBF0 /* MemeMe.app */;
			productType = "com.apple.product-type.application";
		};
/* End PBXNativeTarget section */

/* Begin PBXProject section */
		24207FE51CD6EBAB001FEBF0 /* Project object */ = {
			isa = PBXProject;
			attributes = {
				LastSwiftUpdateCheck = 0730;
				LastUpgradeCheck = 0730;
				ORGANIZATIONNAME = "Atikur Rahman";
				TargetAttributes = {
					24207FEC1CD6EBAB001FEBF0 = {
						CreatedOnToolsVersion = 7.3;
						DevelopmentTeam = 9PYG64528E;
					};
				};
			};
			buildConfigurationList = 24207FE81CD6EBAB001FEBF0 /* Build configuration list for PBXProject "MemeMe" */;
			compatibilityVersion = "Xcode 3.2";
			developmentRegion = English;
			hasScannedForEncodings = 0;
			knownRegions = (
				en,
				Base,
			);
			mainGroup = 24207FE41CD6EBAB001FEBF0;
			productRefGroup = 24207FEE1CD6EBAB001FEBF0 /* Products */;
			projectDirPath = "";
			projectRoot = "";
			targets = (
				24207FEC1CD6EBAB001FEBF0 /* MemeMe */,
			);
		};
/* End PBXProject section */

/* Begin PBXResourcesBuildPhase section */
		24207FEB1CD6EBAB001FEBF0 /* Resources */ = {
			isa = PBXResourcesBuildPhase;
			buildActionMask = 2147483647;
			files = (
				24207FFB1CD6EBAB001FEBF0 /* LaunchScreen.storyboard in Resources */,
				24207FF81CD6EBAB001FEBF0 /* Assets.xcassets in Resources */,
				24207FF61CD6EBAB001FEBF0 /* Main.storyboard in Resources */,
			);
			runOnlyForDeploymentPostprocessing = 0;
		};
/* End PBXResourcesBuildPhase section */

/* Begin PBXSourcesBuildPhase section */
		24207FE91CD6EBAB001FEBF0 /* Sources */ = {
			isa = PBXSourcesBuildPhase;
			buildActionMask = 2147483647;
			files = (
				245E2FE61CD710FB00BBFAA4 /* Meme.swift in Sources */,
				2423615D1CDA0E08002A899B /* SentMemesTableViewController.swift in Sources */,
				2423615F1CDA0EF2002A899B /* MemeTableViewCell.swift in Sources */,
				242361611CDA14A0002A899B /* MemeDetailViewController.swift in Sources */,
				24207FF31CD6EBAB001FEBF0 /* MemeEditorViewController.swift in Sources */,
				24207FF11CD6EBAB001FEBF0 /* AppDelegate.swift in Sources */,
			);
			runOnlyForDeploymentPostprocessing = 0;
		};
/* End PBXSourcesBuildPhase section */

/* Begin PBXVariantGroup section */
		24207FF41CD6EBAB001FEBF0 /* Main.storyboard */ = {
			isa = PBXVariantGroup;
			children = (
				24207FF51CD6EBAB001FEBF0 /* Base */,
			);
			name = Main.storyboard;
			sourceTree = "<group>";
		};
		24207FF91CD6EBAB001FEBF0 /* LaunchScreen.storyboard */ = {
			isa = PBXVariantGroup;
			children = (
				24207FFA1CD6EBAB001FEBF0 /* Base */,
			);
			name = LaunchScreen.storyboard;
			sourceTree = "<group>";
		};
/* End PBXVariantGroup section */

/* Begin XCBuildConfiguration section */
		24207FFD1CD6EBAB001FEBF0 /* Debug */ = {
			isa = XCBuildConfiguration;
			buildSettings = {
				ALWAYS_SEARCH_USER_PATHS = NO;
				CLANG_ANALYZER_NONNULL = YES;
				CLANG_CXX_LANGUAGE_STANDARD = "gnu++0x";
				CLANG_CXX_LIBRARY = "libc++";
				CLANG_ENABLE_MODULES = YES;
				CLANG_ENABLE_OBJC_ARC = YES;
				CLANG_WARN_BOOL_CONVERSION = YES;
				CLANG_WARN_CONSTANT_CONVERSION = YES;
				CLANG_WARN_DIRECT_OBJC_ISA_USAGE = YES_ERROR;
				CLANG_WARN_EMPTY_BODY = YES;
				CLANG_WARN_ENUM_CONVERSION = YES;
				CLANG_WARN_INT_CONVERSION = YES;
				CLANG_WARN_OBJC_ROOT_CLASS = YES_ERROR;
				CLANG_WARN_UNREACHABLE_CODE = YES;
				CLANG_WARN__DUPLICATE_METHOD_MATCH = YES;
				"CODE_SIGN_IDENTITY[sdk=iphoneos*]" = "iPhone Developer";
				COPY_PHASE_STRIP = NO;
				DEBUG_INFORMATION_FORMAT = dwarf;
				ENABLE_STRICT_OBJC_MSGSEND = YES;
				ENABLE_TESTABILITY = YES;
				GCC_C_LANGUAGE_STANDARD = gnu99;
				GCC_DYNAMIC_NO_PIC = NO;
				GCC_NO_COMMON_BLOCKS = YES;
				GCC_OPTIMIZATION_LEVEL = 0;
				GCC_PREPROCESSOR_DEFINITIONS = (
					"DEBUG=1",
					"$(inherited)",
				);
				GCC_WARN_64_TO_32_BIT_CONVERSION = YES;
				GCC_WARN_ABOUT_RETURN_TYPE = YES_ERROR;
				GCC_WARN_UNDECLARED_SELECTOR = YES;
				GCC_WARN_UNINITIALIZED_AUTOS = YES_AGGRESSIVE;
				GCC_WARN_UNUSED_FUNCTION = YES;
				GCC_WARN_UNUSED_VARIABLE = YES;
				IPHONEOS_DEPLOYMENT_TARGET = 9.3;
				MTL_ENABLE_DEBUG_INFO = YES;
				ONLY_ACTIVE_ARCH = YES;
				SDKROOT = iphoneos;
				SWIFT_OPTIMIZATION_LEVEL = "-Onone";
				TARGETED_DEVICE_FAMILY = "1,2";
			};
			name = Debug;
		};
		24207FFE1CD6EBAB001FEBF0 /* Release */ = {
			isa = XCBuildConfiguration;
			buildSettings = {
				ALWAYS_SEARCH_USER_PATHS = NO;
				CLANG_ANALYZER_NONNULL = YES;
				CLANG_CXX_LANGUAGE_STANDARD = "gnu++0x";
				CLANG_CXX_LIBRARY = "libc++";
				CLANG_ENABLE_MODULES = YES;
				CLANG_ENABLE_OBJC_ARC = YES;
				CLANG_WARN_BOOL_CONVERSION = YES;
				CLANG_WARN_CONSTANT_CONVERSION = YES;
				CLANG_WARN_DIRECT_OBJC_ISA_USAGE = YES_ERROR;
				CLANG_WARN_EMPTY_BODY = YES;
				CLANG_WARN_ENUM_CONVERSION = YES;
				CLANG_WARN_INT_CONVERSION = YES;
				CLANG_WARN_OBJC_ROOT_CLASS = YES_ERROR;
				CLANG_WARN_UNREACHABLE_CODE = YES;
				CLANG_WARN__DUPLICATE_METHOD_MATCH = YES;
				"CODE_SIGN_IDENTITY[sdk=iphoneos*]" = "iPhone Developer";
				COPY_PHASE_STRIP = NO;
				DEBUG_INFORMATION_FORMAT = "dwarf-with-dsym";
				ENABLE_NS_ASSERTIONS = NO;
				ENABLE_STRICT_OBJC_MSGSEND = YES;
				GCC_C_LANGUAGE_STANDARD = gnu99;
				GCC_NO_COMMON_BLOCKS = YES;
				GCC_WARN_64_TO_32_BIT_CONVERSION = YES;
				GCC_WARN_ABOUT_RETURN_TYPE = YES_ERROR;
				GCC_WARN_UNDECLARED_SELECTOR = YES;
				GCC_WARN_UNINITIALIZED_AUTOS = YES_AGGRESSIVE;
				GCC_WARN_UNUSED_FUNCTION = YES;
				GCC_WARN_UNUSED_VARIABLE = YES;
				IPHONEOS_DEPLOYMENT_TARGET = 9.3;
				MTL_ENABLE_DEBUG_INFO = NO;
				SDKROOT = iphoneos;
				TARGETED_DEVICE_FAMILY = "1,2";
				VALIDATE_PRODUCT = YES;
			};
			name = Release;
		};
		242080001CD6EBAB001FEBF0 /* Debug */ = {
			isa = XCBuildConfiguration;
			buildSettings = {
				ASSETCATALOG_COMPILER_APPICON_NAME = AppIcon;
				CODE_SIGN_IDENTITY = "iPhone Developer";
				"CODE_SIGN_IDENTITY[sdk=iphoneos*]" = "iPhone Developer";
				INFOPLIST_FILE = MemeMe/Info.plist;
				IPHONEOS_DEPLOYMENT_TARGET = 8.0;
				LD_RUNPATH_SEARCH_PATHS = "$(inherited) @executable_path/Frameworks";
				PRODUCT_BUNDLE_IDENTIFIER = com.atikur.MemeMe;
				PRODUCT_NAME = "$(TARGET_NAME)";
				PROVISIONING_PROFILE = "";
			};
			name = Debug;
		};
		242080011CD6EBAB001FEBF0 /* Release */ = {
			isa = XCBuildConfiguration;
			buildSettings = {
				ASSETCATALOG_COMPILER_APPICON_NAME = AppIcon;
				CODE_SIGN_IDENTITY = "iPhone Developer";
				"CODE_SIGN_IDENTITY[sdk=iphoneos*]" = "iPhone Developer";
				INFOPLIST_FILE = MemeMe/Info.plist;
				IPHONEOS_DEPLOYMENT_TARGET = 8.0;
				LD_RUNPATH_SEARCH_PATHS = "$(inherited) @executable_path/Frameworks";
				PRODUCT_BUNDLE_IDENTIFIER = com.atikur.MemeMe;
				PRODUCT_NAME = "$(TARGET_NAME)";
				PROVISIONING_PROFILE = "";
			};
			name = Release;
		};
/* End XCBuildConfiguration section */

/* Begin XCConfigurationList section */
		24207FE81CD6EBAB001FEBF0 /* Build configuration list for PBXProject "MemeMe" */ = {
			isa = XCConfigurationList;
			buildConfigurations = (
				24207FFD1CD6EBAB001FEBF0 /* Debug */,
				24207FFE1CD6EBAB001FEBF0 /* Release */,
			);
			defaultConfigurationIsVisible = 0;
			defaultConfigurationName = Release;
		};
		24207FFF1CD6EBAB001FEBF0 /* Build configuration list for PBXNativeTarget "MemeMe" */ = {
			isa = XCConfigurationList;
			buildConfigurations = (
				242080001CD6EBAB001FEBF0 /* Debug */,
				242080011CD6EBAB001FEBF0 /* Release */,
			);
			defaultConfigurationIsVisible = 0;
			defaultConfigurationName = Release;
		};
/* End XCConfigurationList section */
	};
	rootObject = 24207FE51CD6EBAB001FEBF0 /* Project object */;
}
